<?xml version="1.0" encoding="utf-8"?>
<Project ToolsVersion="4.0" xmlns="http://schemas.microsoft.com/developer/msbuild/2003">
  <ItemGroup>
    <FxCompile Include="VSAnimationObject.hlsl">
      <Filter>0. HLSL\00. AnimationObj</Filter>
    </FxCompile>
    <FxCompile Include="PSAnimationObject.hlsl">
      <Filter>0. HLSL\00. AnimationObj</Filter>
    </FxCompile>
    <FxCompile Include="PSDefault.hlsl">
      <Filter>0. HLSL\98. Default</Filter>
    </FxCompile>
    <FxCompile Include="CSBloom.hlsl">
      <Filter>0. HLSL\01. Compute\-1. PostProcessing</Filter>
    </FxCompile>
    <FxCompile Include="CSDownScaleFirstPass.hlsl">
      <Filter>0. HLSL\01. Compute\-1. PostProcessing</Filter>
    </FxCompile>
    <FxCompile Include="CSDownScaleSecondPass.hlsl">
      <Filter>0. HLSL\01. Compute\-1. PostProcessing</Filter>
    </FxCompile>
    <FxCompile Include="CSHorizontalBlur.hlsl">
      <Filter>0. HLSL\01. Compute\-1. PostProcessing</Filter>
    </FxCompile>
    <FxCompile Include="CSVerticalBlur.hlsl">
      <Filter>0. HLSL\01. Compute\-1. PostProcessing</Filter>
    </FxCompile>
    <FxCompile Include="CSAONormalDepthDownScale.hlsl">
      <Filter>0. HLSL\01. Compute\-0. AmbientOcculusion</Filter>
    </FxCompile>
    <FxCompile Include="CSSSAOCompute.hlsl">
      <Filter>0. HLSL\01. Compute\-0. AmbientOcculusion</Filter>
    </FxCompile>
    <FxCompile Include="Occlussion.hlsl">
      <Filter>0. HLSL\01. Compute\-2. SSLR</Filter>
    </FxCompile>
    <FxCompile Include="GSBoundingBox.hlsl">
      <Filter>0. HLSL\02. Debug\-0. BoundingBox</Filter>
    </FxCompile>
    <FxCompile Include="GSDebugDepthTexture.hlsl">
      <Filter>0. HLSL\02. Debug\-2. DebugDepthTex</Filter>
    </FxCompile>
    <FxCompile Include="GSDebugTexture.hlsl">
      <Filter>0. HLSL\02. Debug\-3. DebugTex</Filter>
    </FxCompile>
    <FxCompile Include="PSBoundingBox.hlsl">
      <Filter>0. HLSL\02. Debug\-0. BoundingBox</Filter>
    </FxCompile>
    <FxCompile Include="PSCoordinateSys.hlsl">
      <Filter>0. HLSL\02. Debug\-1. CoordinateSys</Filter>
    </FxCompile>
    <FxCompile Include="PSDebugDepthTexture.hlsl">
      <Filter>0. HLSL\02. Debug\-2. DebugDepthTex</Filter>
    </FxCompile>
    <FxCompile Include="PSDebugTexture.hlsl">
      <Filter>0. HLSL\02. Debug\-3. DebugTex</Filter>
    </FxCompile>
    <FxCompile Include="VSBoundingBox.hlsl">
      <Filter>0. HLSL\02. Debug\-0. BoundingBox</Filter>
    </FxCompile>
    <FxCompile Include="VSCoordinateSys.hlsl">
      <Filter>0. HLSL\02. Debug\-1. CoordinateSys</Filter>
    </FxCompile>
    <FxCompile Include="VSDebugDepthTexture.hlsl">
      <Filter>0. HLSL\02. Debug\-2. DebugDepthTex</Filter>
    </FxCompile>
    <FxCompile Include="VSDebugTexture.hlsl">
      <Filter>0. HLSL\02. Debug\-3. DebugTex</Filter>
    </FxCompile>
    <FxCompile Include="PSCapsuleLight.hlsl">
      <Filter>0. HLSL\03. Light\-0. Capsule</Filter>
    </FxCompile>
    <FxCompile Include="PSDirectionalLight.hlsl">
      <Filter>0. HLSL\03. Light\-1. Directional</Filter>
    </FxCompile>
    <FxCompile Include="PSPointLight.hlsl">
      <Filter>0. HLSL\03. Light\-2. Point</Filter>
    </FxCompile>
    <FxCompile Include="PSSpotLight.hlsl">
      <Filter>0. HLSL\03. Light\-3. Spot</Filter>
    </FxCompile>
    <FxCompile Include="VSCapsuleLight.hlsl">
      <Filter>0. HLSL\03. Light\-0. Capsule</Filter>
    </FxCompile>
    <FxCompile Include="VSDirectionalLight.hlsl">
      <Filter>0. HLSL\03. Light\-1. Directional</Filter>
    </FxCompile>
    <FxCompile Include="VSPointLight.hlsl">
      <Filter>0. HLSL\03. Light\-2. Point</Filter>
    </FxCompile>
    <FxCompile Include="VSSpotLight.hlsl">
      <Filter>0. HLSL\03. Light\-3. Spot</Filter>
    </FxCompile>
    <FxCompile Include="DSCapsuleLight.hlsl">
      <Filter>0. HLSL\03. Light\-0. Capsule</Filter>
    </FxCompile>
    <FxCompile Include="DSPointLight.hlsl">
      <Filter>0. HLSL\03. Light\-2. Point</Filter>
    </FxCompile>
    <FxCompile Include="DSSpotLight.hlsl">
      <Filter>0. HLSL\03. Light\-3. Spot</Filter>
    </FxCompile>
    <FxCompile Include="HSCapsuleLight.hlsl">
      <Filter>0. HLSL\03. Light\-0. Capsule</Filter>
    </FxCompile>
    <FxCompile Include="HSPointLight.hlsl">
      <Filter>0. HLSL\03. Light\-2. Point</Filter>
    </FxCompile>
    <FxCompile Include="HSSpotLight.hlsl">
      <Filter>0. HLSL\03. Light\-3. Spot</Filter>
    </FxCompile>
    <FxCompile Include="PSPostProcessing.hlsl">
      <Filter>0. HLSL\04. PostProcessing</Filter>
    </FxCompile>
    <FxCompile Include="VSPostProcessing.hlsl">
      <Filter>0. HLSL\04. PostProcessing</Filter>
    </FxCompile>
    <FxCompile Include="PSSkyBox.hlsl">
      <Filter>0. HLSL\05. SkyBox</Filter>
    </FxCompile>
    <FxCompile Include="VSSkyBox.hlsl">
      <Filter>0. HLSL\05. SkyBox</Filter>
    </FxCompile>
    <FxCompile Include="PSCombine.hlsl">
      <Filter>0. HLSL\06. SSLR\-0. Combine</Filter>
    </FxCompile>
    <FxCompile Include="PSRayTrace.hlsl">
      <Filter>0. HLSL\06. SSLR\-1. RayTrace</Filter>
    </FxCompile>
    <FxCompile Include="VSCombine.hlsl">
      <Filter>0. HLSL\06. SSLR\-0. Combine</Filter>
    </FxCompile>
    <FxCompile Include="VSRayTrace.hlsl">
      <Filter>0. HLSL\06. SSLR\-1. RayTrace</Filter>
    </FxCompile>
    <FxCompile Include="DSTerrain.hlsl">
      <Filter>0. HLSL\07. Terrain</Filter>
    </FxCompile>
    <FxCompile Include="HSTerrain.hlsl">
      <Filter>0. HLSL\07. Terrain</Filter>
    </FxCompile>
    <FxCompile Include="PSTerrain.hlsl">
      <Filter>0. HLSL\07. Terrain</Filter>
    </FxCompile>
    <FxCompile Include="VSTerrain.hlsl">
      <Filter>0. HLSL\07. Terrain</Filter>
    </FxCompile>
    <FxCompile Include="PSDeferred.hlsl">
      <Filter>0. HLSL\08. TestDeferred</Filter>
    </FxCompile>
    <FxCompile Include="VSDeferred.hlsl">
      <Filter>0. HLSL\08. TestDeferred</Filter>
    </FxCompile>
    <FxCompile Include="PSInstancing.hlsl">
      <Filter>0. HLSL\09. testinstancing</Filter>
    </FxCompile>
    <FxCompile Include="VSInctancing.hlsl">
      <Filter>0. HLSL\09. testinstancing</Filter>
    </FxCompile>
    <FxCompile Include="PSUI.hlsl">
      <Filter>0. HLSL\10. UI</Filter>
    </FxCompile>
    <FxCompile Include="VSUI.hlsl">
      <Filter>0. HLSL\10. UI</Filter>
    </FxCompile>
    <FxCompile Include="PSWater.hlsl">
      <Filter>0. HLSL\11. Water</Filter>
    </FxCompile>
    <FxCompile Include="PSWaterPlane.hlsl">
      <Filter>0. HLSL\11. Water</Filter>
    </FxCompile>
    <FxCompile Include="PSWaterSurface.hlsl">
      <Filter>0. HLSL\11. Water</Filter>
    </FxCompile>
    <FxCompile Include="PSRefraction.hlsl">
      <Filter>0. HLSL\11. Water</Filter>
    </FxCompile>
    <FxCompile Include="VSWater.hlsl">
      <Filter>0. HLSL\11. Water</Filter>
    </FxCompile>
    <FxCompile Include="VSWaterPlane.hlsl">
      <Filter>0. HLSL\11. Water</Filter>
    </FxCompile>
    <FxCompile Include="VSWaterSurface.hlsl">
      <Filter>0. HLSL\11. Water</Filter>
    </FxCompile>
    <FxCompile Include="VSRefraction.hlsl">
      <Filter>0. HLSL\11. Water</Filter>
    </FxCompile>
    <FxCompile Include="PSDebugLight.hlsl">
      <Filter>0. HLSL\03. Light</Filter>
    </FxCompile>
    <FxCompile Include="PSSSRF.hlsl">
      <Filter>0. HLSL\12. SSRF\-0 SSRF</Filter>
    </FxCompile>
    <FxCompile Include="VSSSRF.hlsl">
      <Filter>0. HLSL\12. SSRF\-0 SSRF</Filter>
    </FxCompile>
    <FxCompile Include="DSTessPlane.hlsl">
      <Filter>0. HLSL\12. SSRF\-1 TessPlane</Filter>
    </FxCompile>
    <FxCompile Include="HSTessPlane.hlsl">
      <Filter>0. HLSL\12. SSRF\-1 TessPlane</Filter>
    </FxCompile>
    <FxCompile Include="PSTessPlane.hlsl">
      <Filter>0. HLSL\12. SSRF\-1 TessPlane</Filter>
    </FxCompile>
    <FxCompile Include="VSTessPlane.hlsl">
      <Filter>0. HLSL\12. SSRF\-1 TessPlane</Filter>
    </FxCompile>
    <FxCompile Include="HSWaterPlane.hlsl">
      <Filter>0. HLSL\11. Water</Filter>
    </FxCompile>
    <FxCompile Include="HSWaterSurface.hlsl">
      <Filter>0. HLSL\11. Water</Filter>
    </FxCompile>
    <FxCompile Include="DSWaterPlane.hlsl">
      <Filter>0. HLSL\11. Water</Filter>
    </FxCompile>
    <FxCompile Include="DSWaterSurface.hlsl">
      <Filter>0. HLSL\11. Water</Filter>
    </FxCompile>
    <FxCompile Include="PSEffect.hlsl">
      <Filter>0. HLSL\13. Effect</Filter>
    </FxCompile>
    <FxCompile Include="VSEffect.hlsl">
      <Filter>0. HLSL\13. Effect</Filter>
    </FxCompile>
    <FxCompile Include="GSEffect.hlsl">
      <Filter>0. HLSL\13. Effect</Filter>
    </FxCompile>
    <FxCompile Include="GSNaviObject.hlsl">
      <Filter>0. HLSL\13. Effect</Filter>
    </FxCompile>
    <FxCompile Include="GSTrail.hlsl">
      <Filter>0. HLSL\13. Effect</Filter>
    </FxCompile>
    <FxCompile Include="PSBlend.hlsl">
      <Filter>0. HLSL\14. Blend</Filter>
    </FxCompile>
    <FxCompile Include="VSBlend.hlsl">
      <Filter>0. HLSL\14. Blend</Filter>
    </FxCompile>
    <FxCompile Include="PSFinalPass.hlsl">
      <Filter>0. HLSL\15. FinalPass</Filter>
    </FxCompile>
    <FxCompile Include="VSFinalPass.hlsl">
      <Filter>0. HLSL\15. FinalPass</Filter>
    </FxCompile>
    <FxCompile Include="VSNaviObject.hlsl">
      <Filter>0. HLSL\17. Navimesh</Filter>
    </FxCompile>
    <FxCompile Include="PSNaviObject.hlsl">
      <Filter>0. HLSL\17. Navimesh</Filter>
    </FxCompile>
    <FxCompile Include="VSTrail.hlsl">
      <Filter>0. HLSL\16. Trail</Filter>
    </FxCompile>
    <FxCompile Include="PSTrail.hlsl">
      <Filter>0. HLSL\16. Trail</Filter>
    </FxCompile>
    <FxCompile Include="VSDefault.hlsl">
      <Filter>0. HLSL\98. Default</Filter>
    </FxCompile>
  </ItemGroup>
  <ItemGroup>
    <ClCompile Include="IMBO_MAINFRAME.cpp" />
    <ClCompile Include="Debuger.cpp">
      <Filter>1. 소스파일\00. Singleton\-00. Debuger</Filter>
    </ClCompile>
    <ClCompile Include="DebugFontData.cpp">
      <Filter>1. 소스파일\00. Singleton\-00. Debuger\DebugFontData</Filter>
    </ClCompile>
    <ClCompile Include="DebugTextureData.cpp">
      <Filter>1. 소스파일\00. Singleton\-00. Debuger\DebugTextureData</Filter>
    </ClCompile>
    <ClCompile Include="DirectoryFinder.cpp">
      <Filter>1. 소스파일\00. Singleton\-01. DirectoryFinder</Filter>
    </ClCompile>
    <ClCompile Include="Importer.cpp">
      <Filter>1. 소스파일\00. Singleton\-02. FileIO\Importer</Filter>
    </ClCompile>
    <ClCompile Include="PositionInfoManager.cpp">
      <Filter>1. 소스파일\00. Singleton\-02. FileIO\PositionInfoManager</Filter>
    </ClCompile>
    <ClCompile Include="AnimationData.cpp">
      <Filter>1. 소스파일\00. Singleton\-02. FileIO\Importer\AnimationData</Filter>
    </ClCompile>
    <ClCompile Include="SkeletonData.cpp">
      <Filter>1. 소스파일\00. Singleton\-02. FileIO\Importer\SkeletonData</Filter>
    </ClCompile>
    <ClCompile Include="FileImporter.cpp">
      <Filter>1. 소스파일\00. Singleton\-02. FileIO\Importer\FileImporter</Filter>
    </ClCompile>
    <ClCompile Include="KeyFrame.cpp">
      <Filter>1. 소스파일\00. Singleton\-02. FileIO\Importer\AnimationData\KeyFrame</Filter>
    </ClCompile>
    <ClCompile Include="FbxJointData.cpp">
      <Filter>1. 소스파일\00. Singleton\-02. FileIO\Importer\SkeletonData\FbxJointData</Filter>
    </ClCompile>
    <ClCompile Include="TxtImporter.cpp">
      <Filter>1. 소스파일\00. Singleton\-02. FileIO\Importer\FileImporter\TxtImporter</Filter>
    </ClCompile>
    <ClCompile Include="PositionInfoData.cpp">
      <Filter>1. 소스파일\00. Singleton\-02. FileIO\PositionInfoManager\PositionInfoData</Filter>
    </ClCompile>
    <ClCompile Include="GlobalValueManager.cpp">
      <Filter>1. 소스파일\00. Singleton\-03. GlobalValueMGR</Filter>
    </ClCompile>
    <ClCompile Include="InputManager.cpp">
      <Filter>1. 소스파일\00. Singleton\-04. InputMGR</Filter>
    </ClCompile>
    <ClCompile Include="RenderContainerSeller.cpp">
      <Filter>1. 소스파일\00. Singleton\-05. RCSeller</Filter>
    </ClCompile>
    <ClCompile Include="Renderer.cpp">
      <Filter>1. 소스파일\00. Singleton\-06. RENDERER</Filter>
    </ClCompile>
    <ClCompile Include="AORenderer.cpp">
      <Filter>1. 소스파일\00. Singleton\-06. RENDERER\02. AORenderer</Filter>
    </ClCompile>
    <ClCompile Include="BigWaterRenderer.cpp">
      <Filter>1. 소스파일\00. Singleton\-06. RENDERER\15. BIgWaterRenderer</Filter>
    </ClCompile>
    <ClCompile Include="EffectRenderCont.cpp">
      <Filter>1. 소스파일\00. Singleton\-06. RENDERER\13. EffectRenderer</Filter>
    </ClCompile>
    <ClCompile Include="FinalRenderer.cpp">
      <Filter>1. 소스파일\00. Singleton\-06. RENDERER\14. FinalRenderer</Filter>
    </ClCompile>
    <ClCompile Include="LightRenderer.cpp">
      <Filter>1. 소스파일\00. Singleton\-06. RENDERER\03. LightRenderer</Filter>
    </ClCompile>
    <ClCompile Include="ObjectRenderer.cpp">
      <Filter>1. 소스파일\00. Singleton\-06. RENDERER\01. ObjectRenderer</Filter>
    </ClCompile>
    <ClCompile Include="UIRenderer.cpp">
      <Filter>1. 소스파일\00. Singleton\-06. RENDERER\10. UIRenderer</Filter>
    </ClCompile>
    <ClCompile Include="WaterRenderer.cpp">
      <Filter>1. 소스파일\00. Singleton\-06. RENDERER\11. WaterRenderer</Filter>
    </ClCompile>
    <ClCompile Include="BloomDownScale.cpp">
      <Filter>1. 소스파일\00. Singleton\-06. RENDERER\04. BloomDownScale</Filter>
    </ClCompile>
    <ClCompile Include="Bloom.cpp">
      <Filter>1. 소스파일\00. Singleton\-06. RENDERER\05. Bloom</Filter>
    </ClCompile>
    <ClCompile Include="Blur.cpp">
      <Filter>1. 소스파일\00. Singleton\-06. RENDERER\06. Blur</Filter>
    </ClCompile>
    <ClCompile Include="PostProcessingFinalPass.cpp">
      <Filter>1. 소스파일\00. Singleton\-06. RENDERER\07. PostProcessingFinalPass</Filter>
    </ClCompile>
    <ClCompile Include="Shadow.cpp">
      <Filter>1. 소스파일\00. Singleton\-06. RENDERER\09. Shadow</Filter>
    </ClCompile>
    <ClCompile Include="SSLR.cpp">
      <Filter>1. 소스파일\00. Singleton\-06. RENDERER\08. SSLR</Filter>
    </ClCompile>
    <ClCompile Include="SSRF.cpp">
      <Filter>1. 소스파일\00. Singleton\-06. RENDERER\12. SSRF</Filter>
    </ClCompile>
    <ClCompile Include="ResourceManager.cpp">
      <Filter>1. 소스파일\00. Singleton\-07. ResourceMGR</Filter>
    </ClCompile>
    <ClCompile Include="NetworkMgr.cpp">
      <Filter>1. 소스파일\00. Singleton\-12. NetworkMGR</Filter>
    </ClCompile>
    <ClCompile Include="SceneMgr.cpp">
      <Filter>1. 소스파일\00. Singleton\-10. SceneMGR</Filter>
    </ClCompile>
    <ClCompile Include="SoundManager.cpp">
      <Filter>1. 소스파일\00. Singleton\-14. SoundManager</Filter>
    </ClCompile>
    <ClCompile Include="Timer.cpp">
      <Filter>1. 소스파일\00. Singleton\-08. Timer</Filter>
    </ClCompile>
    <ClCompile Include="CameraMgr.cpp">
      <Filter>1. 소스파일\00. Singleton\-11. CameraMGR</Filter>
    </ClCompile>
    <ClCompile Include="EffectMgr.cpp">
      <Filter>1. 소스파일\00. Singleton\-13. EffectMGR</Filter>
    </ClCompile>
    <ClCompile Include="PTProc.cpp">
      <Filter>1. 소스파일\00. Singleton\-12. NetworkMGR\-0 Protocol</Filter>
    </ClCompile>
    <ClCompile Include="LabClientSession.cpp">
      <Filter>1. 소스파일\00. Singleton\-12. NetworkMGR\-1 LabClientSession</Filter>
    </ClCompile>
    <ClCompile Include="Updater.cpp">
      <Filter>1. 소스파일\00. Singleton\-09. Updater</Filter>
    </ClCompile>
    <ClCompile Include="Object.cpp">
      <Filter>1. 소스파일\01. Object</Filter>
    </ClCompile>
    <ClCompile Include="DirectXFramework.cpp">
      <Filter>1. 소스파일\02. FrameWork</Filter>
    </ClCompile>
    <ClCompile Include="Scene.cpp">
      <Filter>1. 소스파일\03. Scene</Filter>
    </ClCompile>
    <ClCompile Include="SCAldenard.cpp">
      <Filter>1. 소스파일\03. Scene\-05. SCAldenard</Filter>
    </ClCompile>
    <ClCompile Include="SCHeroSel.cpp">
      <Filter>1. 소스파일\03. Scene\-03. SCHeroSel</Filter>
    </ClCompile>
    <ClCompile Include="SCLobby.cpp">
      <Filter>1. 소스파일\03. Scene\-02. SCLobby</Filter>
    </ClCompile>
    <ClCompile Include="SCOriTown.cpp">
      <Filter>1. 소스파일\03. Scene\-04. SCOriTown</Filter>
    </ClCompile>
    <ClCompile Include="SCSarasen.cpp">
      <Filter>1. 소스파일\03. Scene\-06. SCSarasen</Filter>
    </ClCompile>
    <ClCompile Include="SCTitle.cpp">
      <Filter>1. 소스파일\03. Scene\-01. SCTitle</Filter>
    </ClCompile>
    <ClCompile Include="Loading.cpp">
      <Filter>1. 소스파일\03. Scene\-00. Loading</Filter>
    </ClCompile>
    <ClCompile Include="DXObject.cpp">
      <Filter>1. 소스파일\04. DXObject</Filter>
    </ClCompile>
    <ClCompile Include="Camera.cpp">
      <Filter>1. 소스파일\04. DXObject\-00. Camera</Filter>
    </ClCompile>
    <ClCompile Include="FreeCamera.cpp">
      <Filter>1. 소스파일\04. DXObject\-00. Camera\FreeCamera</Filter>
    </ClCompile>
    <ClCompile Include="RenderContainer.cpp">
      <Filter>1. 소스파일\04. DXObject\-01. Container\RenderContainer</Filter>
    </ClCompile>
    <ClCompile Include="DebugRenderContainer.cpp">
      <Filter>1. 소스파일\04. DXObject\-01. Container\RenderContainer\Debug</Filter>
    </ClCompile>
    <ClCompile Include="BoundingBoxMesh.cpp">
      <Filter>1. 소스파일\04. DXObject\-02. Mesh\DEBUG\BoundingBoxMesh</Filter>
    </ClCompile>
    <ClCompile Include="CoordinateSysMesh.cpp">
      <Filter>1. 소스파일\04. DXObject\-02. Mesh\DEBUG\CoordinateSysMesh</Filter>
    </ClCompile>
    <ClCompile Include="DebugTextureMesh.cpp">
      <Filter>1. 소스파일\04. DXObject\-02. Mesh\DEBUG\DebugTextureMesh</Filter>
    </ClCompile>
    <ClCompile Include="DeferredMesh.cpp">
      <Filter>1. 소스파일\04. DXObject\-02. Mesh\DeferredMesh</Filter>
    </ClCompile>
    <ClCompile Include="CapsuleLightMesh.cpp">
      <Filter>1. 소스파일\04. DXObject\-02. Mesh\LightMesh</Filter>
    </ClCompile>
    <ClCompile Include="DirectionalLightMesh.cpp">
      <Filter>1. 소스파일\04. DXObject\-02. Mesh\LightMesh</Filter>
    </ClCompile>
    <ClCompile Include="PointLightMesh.cpp">
      <Filter>1. 소스파일\04. DXObject\-02. Mesh\LightMesh</Filter>
    </ClCompile>
    <ClCompile Include="SpotLightMesh.cpp">
      <Filter>1. 소스파일\04. DXObject\-02. Mesh\LightMesh</Filter>
    </ClCompile>
    <ClCompile Include="FileBasedMesh.cpp">
      <Filter>1. 소스파일\04. DXObject\-02. Mesh\OBJECT\FileBasedMesh</Filter>
    </ClCompile>
    <ClCompile Include="NaviMesh.cpp">
      <Filter>1. 소스파일\04. DXObject\-02. Mesh\OBJECT\NaviMesh</Filter>
    </ClCompile>
    <ClCompile Include="SkyBoxMesh.cpp">
      <Filter>1. 소스파일\04. DXObject\-02. Mesh\OBJECT\SkyBoxMesh</Filter>
    </ClCompile>
    <ClCompile Include="SpaceMesh.cpp">
      <Filter>1. 소스파일\04. DXObject\-02. Mesh\OBJECT\SpaceMesh</Filter>
    </ClCompile>
    <ClCompile Include="TerrainMesh.cpp">
      <Filter>1. 소스파일\04. DXObject\-02. Mesh\OBJECT\TerrainMesh</Filter>
    </ClCompile>
    <ClCompile Include="TrailMesh.cpp">
      <Filter>1. 소스파일\04. DXObject\-02. Mesh\Trail</Filter>
    </ClCompile>
    <ClCompile Include="TessPlaneMesh.cpp">
      <Filter>1. 소스파일\04. DXObject\-02. Mesh\Water\TessPlaneMesh</Filter>
    </ClCompile>
    <ClCompile Include="WaterMesh.cpp">
      <Filter>1. 소스파일\04. DXObject\-02. Mesh\Water\WaterPlane</Filter>
    </ClCompile>
    <ClCompile Include="Mesh.cpp">
      <Filter>1. 소스파일\04. DXObject\-02. Mesh</Filter>
    </ClCompile>
    <ClCompile Include="Shader.cpp">
      <Filter>1. 소스파일\04. DXObject\-03. Shader</Filter>
    </ClCompile>
    <ClCompile Include="ComputeShader.cpp">
      <Filter>1. 소스파일\04. DXObject\-03. Shader\ComputerSahder</Filter>
    </ClCompile>
    <ClCompile Include="RenderShader.cpp">
      <Filter>1. 소스파일\04. DXObject\-03. Shader\RenderShader</Filter>
    </ClCompile>
    <ClCompile Include="Material.cpp">
      <Filter>1. 소스파일\04. DXObject\-04. Material</Filter>
    </ClCompile>
    <ClCompile Include="Texture.cpp">
      <Filter>1. 소스파일\04. DXObject\-05. Texture\Texture</Filter>
    </ClCompile>
    <ClCompile Include="Sampler.cpp">
      <Filter>1. 소스파일\04. DXObject\-05. Texture\Sampler</Filter>
    </ClCompile>
    <ClCompile Include="Buffer.cpp">
      <Filter>1. 소스파일\04. DXObject\-06. Buffer</Filter>
    </ClCompile>
    <ClCompile Include="Animater.cpp">
      <Filter>1. 소스파일\04. DXObject\-07. Animater</Filter>
    </ClCompile>
    <ClCompile Include="AnimationInfo.cpp">
      <Filter>1. 소스파일\04. DXObject\-07. Animater\0. AnimationInfo</Filter>
    </ClCompile>
    <ClCompile Include="GameObject.cpp">
      <Filter>1. 소스파일\05. GameObject</Filter>
    </ClCompile>
    <ClCompile Include="BoundingBox.cpp">
      <Filter>1. 소스파일\05. GameObject\-00. DEBUG\BoundingBox</Filter>
    </ClCompile>
    <ClCompile Include="CoordinateSys.cpp">
      <Filter>1. 소스파일\05. GameObject\-00. DEBUG\CoordinateSys</Filter>
    </ClCompile>
    <ClCompile Include="DebugTexture.cpp">
      <Filter>1. 소스파일\05. GameObject\-00. DEBUG\DebugTexture</Filter>
    </ClCompile>
    <ClCompile Include="CapsuleLight.cpp">
      <Filter>1. 소스파일\05. GameObject\-01. Light\CapsuleLight</Filter>
    </ClCompile>
    <ClCompile Include="DirectionalLight.cpp">
      <Filter>1. 소스파일\05. GameObject\-01. Light\DirectionalLight</Filter>
    </ClCompile>
    <ClCompile Include="PointLight.cpp">
      <Filter>1. 소스파일\05. GameObject\-01. Light\PointLight</Filter>
    </ClCompile>
    <ClCompile Include="SpotLight.cpp">
      <Filter>1. 소스파일\05. GameObject\-01. Light\SpotLight</Filter>
    </ClCompile>
    <ClCompile Include="Light.cpp">
      <Filter>1. 소스파일\05. GameObject\-01. Light</Filter>
    </ClCompile>
    <ClCompile Include="Space.cpp">
      <Filter>1. 소스파일\05. GameObject\-03. Space</Filter>
    </ClCompile>
    <ClCompile Include="SkyBox.cpp">
      <Filter>1. 소스파일\05. GameObject\-02. SkyBox</Filter>
    </ClCompile>
    <ClCompile Include="SpaceContainer.cpp">
      <Filter>1. 소스파일\05. GameObject\-03. Space\SpaceContainer</Filter>
    </ClCompile>
    <ClCompile Include="SkyBoxContainer.cpp">
      <Filter>1. 소스파일\05. GameObject\-02. SkyBox\SkyBoxContainer</Filter>
    </ClCompile>
    <ClCompile Include="Terrain.cpp">
      <Filter>1. 소스파일\05. GameObject\-04. Terrain</Filter>
    </ClCompile>
    <ClCompile Include="NaviObject.cpp">
      <Filter>1. 소스파일\05. GameObject\-04. Terrain\NaviObject</Filter>
    </ClCompile>
    <ClCompile Include="NaviObjectManager.cpp">
      <Filter>1. 소스파일\05. GameObject\-04. Terrain\NaviObject\NaviObjectManager</Filter>
    </ClCompile>
    <ClCompile Include="NaviVertex.cpp">
      <Filter>1. 소스파일\05. GameObject\-04. Terrain\NaviObject\NaviVertex</Filter>
    </ClCompile>
    <ClCompile Include="SplattingInfoManager.cpp">
      <Filter>1. 소스파일\05. GameObject\-04. Terrain\SplattingInfo\SplattingInfoManager</Filter>
    </ClCompile>
    <ClCompile Include="SplattingInfo.cpp">
      <Filter>1. 소스파일\05. GameObject\-04. Terrain\SplattingInfo</Filter>
    </ClCompile>
    <ClCompile Include="TerrainContainer.cpp">
      <Filter>1. 소스파일\05. GameObject\-04. Terrain\TerrainContainer</Filter>
    </ClCompile>
    <ClCompile Include="Bard.cpp">
      <Filter>1. 소스파일\05. GameObject\-05. Player\5. Bard</Filter>
    </ClCompile>
    <ClCompile Include="Dementor.cpp">
      <Filter>1. 소스파일\05. GameObject\-05. Player\2. Dementor</Filter>
    </ClCompile>
    <ClCompile Include="Knight.cpp">
      <Filter>1. 소스파일\05. GameObject\-05. Player\1. Knight</Filter>
    </ClCompile>
    <ClCompile Include="Ranger.cpp">
      <Filter>1. 소스파일\05. GameObject\-05. Player\0. Ranger</Filter>
    </ClCompile>
    <ClCompile Include="Wizard.cpp">
      <Filter>1. 소스파일\05. GameObject\-05. Player\4. Wizard</Filter>
    </ClCompile>
    <ClCompile Include="Sister.cpp">
      <Filter>1. 소스파일\05. GameObject\-05. Player\3. Sister</Filter>
    </ClCompile>
    <ClCompile Include="LesserGiant.cpp">
      <Filter>1. 소스파일\05. GameObject\-06. Monster\0. Boss01</Filter>
    </ClCompile>
    <ClCompile Include="Roisa.cpp">
      <Filter>1. 소스파일\05. GameObject\-06. Monster\1. Boss02</Filter>
    </ClCompile>
    <ClCompile Include="UIObject.cpp">
      <Filter>1. 소스파일\05. GameObject\-08. UI</Filter>
    </ClCompile>
    <ClCompile Include="SkillObj.cpp">
      <Filter>1. 소스파일\05. GameObject\-07. Skill/Effect</Filter>
    </ClCompile>
    <ClCompile Include="MyEffect.cpp">
      <Filter>1. 소스파일\05. GameObject\-07. Skill/Effect\0. Effect</Filter>
    </ClCompile>
    <ClCompile Include="Trail.cpp">
      <Filter>1. 소스파일\05. GameObject\-07. Skill/Effect\0. Trail</Filter>
    </ClCompile>
    <ClCompile Include="ElfSkill1Efc.cpp">
      <Filter>1. 소스파일\05. GameObject\-07. Skill/Effect\1. Ranger\2. r_sk1_Efc</Filter>
    </ClCompile>
    <ClCompile Include="ElfSkillArrow.cpp">
      <Filter>1. 소스파일\05. GameObject\-07. Skill/Effect\1. Ranger\1. r_Arrow</Filter>
    </ClCompile>
    <ClCompile Include="..\..\..\..\..\..\0. JH%27s Folder\Study\IBClient\ImBo\Client_v0711\IMBO_MAINFRAME\DemSkillArrow.cpp">
      <Filter>1. 소스파일\05. GameObject\-07. Skill/Effect\2. Dementor</Filter>
    </ClCompile>
    <ClCompile Include="..\..\..\..\..\..\0. JH%27s Folder\Study\IBClient\ImBo\Client_v0711\IMBO_MAINFRAME\WizardSkillArrow.cpp">
      <Filter>1. 소스파일\05. GameObject\-07. Skill/Effect\3. Wizard</Filter>
    </ClCompile>
    <ClCompile Include="HpBar.cpp">
      <Filter>1. 소스파일\05. GameObject\-08. UI\03. HpBar</Filter>
    </ClCompile>
    <ClCompile Include="ImageUI.cpp">
      <Filter>1. 소스파일\05. GameObject\-08. UI\00. ImageUI</Filter>
    </ClCompile>
    <ClCompile Include="LoadingBack.cpp">
      <Filter>1. 소스파일\05. GameObject\-08. UI\01. LoadingBack</Filter>
    </ClCompile>
    <ClCompile Include="ClickButton.cpp">
      <Filter>1. 소스파일\05. GameObject\-08. UI\02. ClickButton</Filter>
    </ClCompile>
    <ClCompile Include="AnimateComponent.cpp">
      <Filter>1. 소스파일\06. Component\AnimateComponent</Filter>
    </ClCompile>
    <ClCompile Include="RotateComponent.cpp">
      <Filter>1. 소스파일\06. Component\AnimateComponent</Filter>
    </ClCompile>
    <ClCompile Include="Component.cpp">
      <Filter>1. 소스파일\06. Component</Filter>
    </ClCompile>
    <ClCompile Include="stdafx.cpp">
      <Filter>1. 소스파일\99. Default\리소스파일</Filter>
    </ClCompile>
    <ClCompile Include="SelectObj.cpp">
      <Filter>1. 소스파일\03. Scene\-03. SCHeroSel\Charactors</Filter>
    </ClCompile>
  </ItemGroup>
  <ItemGroup>
    <ClInclude Include="IMBO_MAINFRAME.h" />
    <ClInclude Include="Debuger.h">
      <Filter>1. 소스파일\00. Singleton\-00. Debuger</Filter>
    </ClInclude>
    <ClInclude Include="DebugFontData.h">
      <Filter>1. 소스파일\00. Singleton\-00. Debuger\DebugFontData</Filter>
    </ClInclude>
    <ClInclude Include="DebugTextureData.h">
      <Filter>1. 소스파일\00. Singleton\-00. Debuger\DebugTextureData</Filter>
    </ClInclude>
    <ClInclude Include="DirectoryFinder.h">
      <Filter>1. 소스파일\00. Singleton\-01. DirectoryFinder</Filter>
    </ClInclude>
    <ClInclude Include="Importer.h">
      <Filter>1. 소스파일\00. Singleton\-02. FileIO\Importer</Filter>
    </ClInclude>
    <ClInclude Include="PositionInfoManager.h">
      <Filter>1. 소스파일\00. Singleton\-02. FileIO\PositionInfoManager</Filter>
    </ClInclude>
    <ClInclude Include="AnimationData.h">
      <Filter>1. 소스파일\00. Singleton\-02. FileIO\Importer\AnimationData</Filter>
    </ClInclude>
    <ClInclude Include="FileImporter.h">
      <Filter>1. 소스파일\00. Singleton\-02. FileIO\Importer\FileImporter</Filter>
    </ClInclude>
    <ClInclude Include="SkeletonData.h">
      <Filter>1. 소스파일\00. Singleton\-02. FileIO\Importer\SkeletonData</Filter>
    </ClInclude>
    <ClInclude Include="KeyFrame.h">
      <Filter>1. 소스파일\00. Singleton\-02. FileIO\Importer\AnimationData\KeyFrame</Filter>
    </ClInclude>
    <ClInclude Include="FbxJointData.h">
      <Filter>1. 소스파일\00. Singleton\-02. FileIO\Importer\SkeletonData\FbxJointData</Filter>
    </ClInclude>
    <ClInclude Include="TxtImporter.h">
      <Filter>1. 소스파일\00. Singleton\-02. FileIO\Importer\FileImporter\TxtImporter</Filter>
    </ClInclude>
    <ClInclude Include="PositionInfoData.h">
      <Filter>1. 소스파일\00. Singleton\-02. FileIO\PositionInfoManager\PositionInfoData</Filter>
    </ClInclude>
    <ClInclude Include="GlobalValueManager.h">
      <Filter>1. 소스파일\00. Singleton\-03. GlobalValueMGR</Filter>
    </ClInclude>
    <ClInclude Include="InputManager.h">
      <Filter>1. 소스파일\00. Singleton\-04. InputMGR</Filter>
    </ClInclude>
    <ClInclude Include="RenderContainerSeller.h">
      <Filter>1. 소스파일\00. Singleton\-05. RCSeller</Filter>
    </ClInclude>
    <ClInclude Include="Renderer.h">
      <Filter>1. 소스파일\00. Singleton\-06. RENDERER</Filter>
    </ClInclude>
    <ClInclude Include="AORenderer.h">
      <Filter>1. 소스파일\00. Singleton\-06. RENDERER\02. AORenderer</Filter>
    </ClInclude>
    <ClInclude Include="BigWaterRenderer.h">
      <Filter>1. 소스파일\00. Singleton\-06. RENDERER\15. BIgWaterRenderer</Filter>
    </ClInclude>
    <ClInclude Include="EffectRenderCont.h">
      <Filter>1. 소스파일\00. Singleton\-06. RENDERER\13. EffectRenderer</Filter>
    </ClInclude>
    <ClInclude Include="FinalRenderer.h">
      <Filter>1. 소스파일\00. Singleton\-06. RENDERER\14. FinalRenderer</Filter>
    </ClInclude>
    <ClInclude Include="LightRenderer.h">
      <Filter>1. 소스파일\00. Singleton\-06. RENDERER\03. LightRenderer</Filter>
    </ClInclude>
    <ClInclude Include="ObjectRenderer.h">
      <Filter>1. 소스파일\00. Singleton\-06. RENDERER\01. ObjectRenderer</Filter>
    </ClInclude>
    <ClInclude Include="UIRenderer.h">
      <Filter>1. 소스파일\00. Singleton\-06. RENDERER\10. UIRenderer</Filter>
    </ClInclude>
    <ClInclude Include="WaterRenderer.h">
      <Filter>1. 소스파일\00. Singleton\-06. RENDERER\11. WaterRenderer</Filter>
    </ClInclude>
    <ClInclude Include="BloomDownScale.h">
      <Filter>1. 소스파일\00. Singleton\-06. RENDERER\04. BloomDownScale</Filter>
    </ClInclude>
    <ClInclude Include="Bloom.h">
      <Filter>1. 소스파일\00. Singleton\-06. RENDERER\05. Bloom</Filter>
    </ClInclude>
    <ClInclude Include="Blur.h">
      <Filter>1. 소스파일\00. Singleton\-06. RENDERER\06. Blur</Filter>
    </ClInclude>
    <ClInclude Include="PostProcessingFinalPass.h">
      <Filter>1. 소스파일\00. Singleton\-06. RENDERER\07. PostProcessingFinalPass</Filter>
    </ClInclude>
    <ClInclude Include="Shadow.h">
      <Filter>1. 소스파일\00. Singleton\-06. RENDERER\09. Shadow</Filter>
    </ClInclude>
    <ClInclude Include="SSLR.h">
      <Filter>1. 소스파일\00. Singleton\-06. RENDERER\08. SSLR</Filter>
    </ClInclude>
    <ClInclude Include="SSRF.h">
      <Filter>1. 소스파일\00. Singleton\-06. RENDERER\12. SSRF</Filter>
    </ClInclude>
    <ClInclude Include="ResourceManager.h">
      <Filter>1. 소스파일\00. Singleton\-07. ResourceMGR</Filter>
    </ClInclude>
    <ClInclude Include="NetworkMgr.h">
      <Filter>1. 소스파일\00. Singleton\-12. NetworkMGR</Filter>
    </ClInclude>
    <ClInclude Include="SceneMgr.h">
      <Filter>1. 소스파일\00. Singleton\-10. SceneMGR</Filter>
    </ClInclude>
    <ClInclude Include="SoundManager.h">
      <Filter>1. 소스파일\00. Singleton\-14. SoundManager</Filter>
    </ClInclude>
    <ClInclude Include="Timer.h">
      <Filter>1. 소스파일\00. Singleton\-08. Timer</Filter>
    </ClInclude>
    <ClInclude Include="Updater.h">
      <Filter>1. 소스파일\00. Singleton\-09. Updater</Filter>
    </ClInclude>
    <ClInclude Include="CameraMgr.h">
      <Filter>1. 소스파일\00. Singleton\-11. CameraMGR</Filter>
    </ClInclude>
    <ClInclude Include="EffectMgr.h">
      <Filter>1. 소스파일\00. Singleton\-13. EffectMGR</Filter>
    </ClInclude>
    <ClInclude Include="LabClientSession.h">
      <Filter>1. 소스파일\00. Singleton\-12. NetworkMGR\-1 LabClientSession</Filter>
    </ClInclude>
    <ClInclude Include="Object.h">
      <Filter>1. 소스파일\01. Object</Filter>
    </ClInclude>
    <ClInclude Include="DirectXFramework.h">
      <Filter>1. 소스파일\02. FrameWork</Filter>
    </ClInclude>
    <ClInclude Include="Scene.h">
      <Filter>1. 소스파일\03. Scene</Filter>
    </ClInclude>
    <ClInclude Include="SCAldenard.h">
      <Filter>1. 소스파일\03. Scene\-05. SCAldenard</Filter>
    </ClInclude>
    <ClInclude Include="SCHeroSel.h">
      <Filter>1. 소스파일\03. Scene\-03. SCHeroSel</Filter>
    </ClInclude>
    <ClInclude Include="SCLobby.h">
      <Filter>1. 소스파일\03. Scene\-02. SCLobby</Filter>
    </ClInclude>
    <ClInclude Include="SCOriTown.h">
      <Filter>1. 소스파일\03. Scene\-04. SCOriTown</Filter>
    </ClInclude>
    <ClInclude Include="SCSarasen.h">
      <Filter>1. 소스파일\03. Scene\-06. SCSarasen</Filter>
    </ClInclude>
    <ClInclude Include="SCTitle.h">
      <Filter>1. 소스파일\03. Scene\-01. SCTitle</Filter>
    </ClInclude>
    <ClInclude Include="Loading.h">
      <Filter>1. 소스파일\03. Scene\-00. Loading</Filter>
    </ClInclude>
    <ClInclude Include="DXObject.h">
      <Filter>1. 소스파일\04. DXObject</Filter>
    </ClInclude>
    <ClInclude Include="Camera.h">
      <Filter>1. 소스파일\04. DXObject\-00. Camera</Filter>
    </ClInclude>
    <ClInclude Include="FreeCamera.h">
      <Filter>1. 소스파일\04. DXObject\-00. Camera\FreeCamera</Filter>
    </ClInclude>
    <ClInclude Include="RenderContainer.h">
      <Filter>1. 소스파일\04. DXObject\-01. Container\RenderContainer</Filter>
    </ClInclude>
    <ClInclude Include="DebugRenderContainer.h">
      <Filter>1. 소스파일\04. DXObject\-01. Container\RenderContainer\Debug</Filter>
    </ClInclude>
    <ClInclude Include="BoundingBoxMesh.h">
      <Filter>1. 소스파일\04. DXObject\-02. Mesh\DEBUG\BoundingBoxMesh</Filter>
    </ClInclude>
    <ClInclude Include="CoordinateSysMesh.h">
      <Filter>1. 소스파일\04. DXObject\-02. Mesh\DEBUG\CoordinateSysMesh</Filter>
    </ClInclude>
    <ClInclude Include="DebugTextureMesh.h">
      <Filter>1. 소스파일\04. DXObject\-02. Mesh\DEBUG\DebugTextureMesh</Filter>
    </ClInclude>
    <ClInclude Include="DeferredMesh.h">
      <Filter>1. 소스파일\04. DXObject\-02. Mesh\DeferredMesh</Filter>
    </ClInclude>
    <ClInclude Include="CapsuleLightMesh.h">
      <Filter>1. 소스파일\04. DXObject\-02. Mesh\LightMesh</Filter>
    </ClInclude>
    <ClInclude Include="DirectionalLightMesh.h">
      <Filter>1. 소스파일\04. DXObject\-02. Mesh\LightMesh</Filter>
    </ClInclude>
    <ClInclude Include="PointLightMesh.h">
      <Filter>1. 소스파일\04. DXObject\-02. Mesh\LightMesh</Filter>
    </ClInclude>
    <ClInclude Include="SpotLightMesh.h">
      <Filter>1. 소스파일\04. DXObject\-02. Mesh\LightMesh</Filter>
    </ClInclude>
    <ClInclude Include="FileBasedMesh.h">
      <Filter>1. 소스파일\04. DXObject\-02. Mesh\OBJECT\FileBasedMesh</Filter>
    </ClInclude>
    <ClInclude Include="NaviMesh.h">
      <Filter>1. 소스파일\04. DXObject\-02. Mesh\OBJECT\NaviMesh</Filter>
    </ClInclude>
    <ClInclude Include="SkyBoxMesh.h">
      <Filter>1. 소스파일\04. DXObject\-02. Mesh\OBJECT\SkyBoxMesh</Filter>
    </ClInclude>
    <ClInclude Include="SpaceMesh.h">
      <Filter>1. 소스파일\04. DXObject\-02. Mesh\OBJECT\SpaceMesh</Filter>
    </ClInclude>
    <ClInclude Include="TerrainMesh.h">
      <Filter>1. 소스파일\04. DXObject\-02. Mesh\OBJECT\TerrainMesh</Filter>
    </ClInclude>
    <ClInclude Include="TrailMesh.h">
      <Filter>1. 소스파일\04. DXObject\-02. Mesh\Trail</Filter>
    </ClInclude>
    <ClInclude Include="TessPlaneMesh.h">
      <Filter>1. 소스파일\04. DXObject\-02. Mesh\Water\TessPlaneMesh</Filter>
    </ClInclude>
    <ClInclude Include="Mesh.h">
      <Filter>1. 소스파일\04. DXObject\-02. Mesh</Filter>
    </ClInclude>
    <ClInclude Include="WaterMesh.h">
      <Filter>1. 소스파일\04. DXObject\-02. Mesh\Water\WaterPlane</Filter>
    </ClInclude>
    <ClInclude Include="Shader.h">
      <Filter>1. 소스파일\04. DXObject\-03. Shader</Filter>
    </ClInclude>
    <ClInclude Include="ComputeShader.h">
      <Filter>1. 소스파일\04. DXObject\-03. Shader\ComputerSahder</Filter>
    </ClInclude>
    <ClInclude Include="RenderShader.h">
      <Filter>1. 소스파일\04. DXObject\-03. Shader\RenderShader</Filter>
    </ClInclude>
    <ClInclude Include="Material.h">
      <Filter>1. 소스파일\04. DXObject\-04. Material</Filter>
    </ClInclude>
    <ClInclude Include="Texture.h">
      <Filter>1. 소스파일\04. DXObject\-05. Texture\Texture</Filter>
    </ClInclude>
    <ClInclude Include="Sampler.h">
      <Filter>1. 소스파일\04. DXObject\-05. Texture\Sampler</Filter>
    </ClInclude>
    <ClInclude Include="Buffer.h">
      <Filter>1. 소스파일\04. DXObject\-06. Buffer</Filter>
    </ClInclude>
    <ClInclude Include="Animater.h">
      <Filter>1. 소스파일\04. DXObject\-07. Animater</Filter>
    </ClInclude>
    <ClInclude Include="AnimationInfo.h">
      <Filter>1. 소스파일\04. DXObject\-07. Animater\0. AnimationInfo</Filter>
    </ClInclude>
    <ClInclude Include="GameObject.h">
      <Filter>1. 소스파일\05. GameObject</Filter>
    </ClInclude>
    <ClInclude Include="BoundingBox.h">
      <Filter>1. 소스파일\05. GameObject\-00. DEBUG\BoundingBox</Filter>
    </ClInclude>
    <ClInclude Include="CoordinateSys.h">
      <Filter>1. 소스파일\05. GameObject\-00. DEBUG\CoordinateSys</Filter>
    </ClInclude>
    <ClInclude Include="DebugTexture.h">
      <Filter>1. 소스파일\05. GameObject\-00. DEBUG\DebugTexture</Filter>
    </ClInclude>
    <ClInclude Include="CapsuleLight.h">
      <Filter>1. 소스파일\05. GameObject\-01. Light\CapsuleLight</Filter>
    </ClInclude>
    <ClInclude Include="DirectionalLight.h">
      <Filter>1. 소스파일\05. GameObject\-01. Light\DirectionalLight</Filter>
    </ClInclude>
    <ClInclude Include="SpotLight.h">
      <Filter>1. 소스파일\05. GameObject\-01. Light\SpotLight</Filter>
    </ClInclude>
    <ClInclude Include="PointLight.h">
      <Filter>1. 소스파일\05. GameObject\-01. Light\PointLight</Filter>
    </ClInclude>
    <ClInclude Include="Light.h">
      <Filter>1. 소스파일\05. GameObject\-01. Light</Filter>
    </ClInclude>
    <ClInclude Include="Space.h">
      <Filter>1. 소스파일\05. GameObject\-03. Space</Filter>
    </ClInclude>
    <ClInclude Include="SkyBox.h">
      <Filter>1. 소스파일\05. GameObject\-02. SkyBox</Filter>
    </ClInclude>
    <ClInclude Include="SpaceContainer.h">
      <Filter>1. 소스파일\05. GameObject\-03. Space\SpaceContainer</Filter>
    </ClInclude>
    <ClInclude Include="SkyBoxContainer.h">
      <Filter>1. 소스파일\05. GameObject\-02. SkyBox\SkyBoxContainer</Filter>
    </ClInclude>
    <ClInclude Include="Terrain.h">
      <Filter>1. 소스파일\05. GameObject\-04. Terrain</Filter>
    </ClInclude>
    <ClInclude Include="NaviObject.h">
      <Filter>1. 소스파일\05. GameObject\-04. Terrain\NaviObject</Filter>
    </ClInclude>
    <ClInclude Include="NaviObjectManager.h">
      <Filter>1. 소스파일\05. GameObject\-04. Terrain\NaviObject\NaviObjectManager</Filter>
    </ClInclude>
    <ClInclude Include="NaviVertex.h">
      <Filter>1. 소스파일\05. GameObject\-04. Terrain\NaviObject\NaviVertex</Filter>
    </ClInclude>
    <ClInclude Include="SplattingInfoManager.h">
      <Filter>1. 소스파일\05. GameObject\-04. Terrain\SplattingInfo\SplattingInfoManager</Filter>
    </ClInclude>
    <ClInclude Include="SplattingInfo.h">
      <Filter>1. 소스파일\05. GameObject\-04. Terrain\SplattingInfo</Filter>
    </ClInclude>
    <ClInclude Include="TerrainContainer.h">
      <Filter>1. 소스파일\05. GameObject\-04. Terrain\TerrainContainer</Filter>
    </ClInclude>
    <ClInclude Include="Dementor.h">
      <Filter>1. 소스파일\05. GameObject\-05. Player\2. Dementor</Filter>
    </ClInclude>
    <ClInclude Include="Knight.h">
      <Filter>1. 소스파일\05. GameObject\-05. Player\1. Knight</Filter>
    </ClInclude>
    <ClInclude Include="Ranger.h">
      <Filter>1. 소스파일\05. GameObject\-05. Player\0. Ranger</Filter>
    </ClInclude>
    <ClInclude Include="Wizard.h">
      <Filter>1. 소스파일\05. GameObject\-05. Player\4. Wizard</Filter>
    </ClInclude>
    <ClInclude Include="Bard.h">
      <Filter>1. 소스파일\05. GameObject\-05. Player\5. Bard</Filter>
    </ClInclude>
    <ClInclude Include="Sister.h">
      <Filter>1. 소스파일\05. GameObject\-05. Player\3. Sister</Filter>
    </ClInclude>
    <ClInclude Include="LesserGiant.h">
      <Filter>1. 소스파일\05. GameObject\-06. Monster\0. Boss01</Filter>
    </ClInclude>
    <ClInclude Include="Roisa.h">
      <Filter>1. 소스파일\05. GameObject\-06. Monster\1. Boss02</Filter>
    </ClInclude>
    <ClInclude Include="UIObject.h">
      <Filter>1. 소스파일\05. GameObject\-08. UI</Filter>
    </ClInclude>
    <ClInclude Include="SkillObj.h">
      <Filter>1. 소스파일\05. GameObject\-07. Skill/Effect</Filter>
    </ClInclude>
    <ClInclude Include="MyEffect.h">
      <Filter>1. 소스파일\05. GameObject\-07. Skill/Effect\0. Effect</Filter>
    </ClInclude>
    <ClInclude Include="Trail.h">
      <Filter>1. 소스파일\05. GameObject\-07. Skill/Effect\0. Trail</Filter>
    </ClInclude>
    <ClInclude Include="ElfSkill1Efc.h">
      <Filter>1. 소스파일\05. GameObject\-07. Skill/Effect\1. Ranger\2. r_sk1_Efc</Filter>
    </ClInclude>
    <ClInclude Include="ElfSkillArrow.h">
      <Filter>1. 소스파일\05. GameObject\-07. Skill/Effect\1. Ranger\1. r_Arrow</Filter>
    </ClInclude>
    <ClInclude Include="..\..\..\..\..\..\0. JH%27s Folder\Study\IBClient\ImBo\Client_v0711\IMBO_MAINFRAME\DemSkillArrow.h">
      <Filter>1. 소스파일\05. GameObject\-07. Skill/Effect\2. Dementor</Filter>
    </ClInclude>
    <ClInclude Include="..\..\..\..\..\..\0. JH%27s Folder\Study\IBClient\ImBo\Client_v0711\IMBO_MAINFRAME\WizardSkillArrow.h">
      <Filter>1. 소스파일\05. GameObject\-07. Skill/Effect\3. Wizard</Filter>
    </ClInclude>
    <ClInclude Include="HpBar.h">
      <Filter>1. 소스파일\05. GameObject\-08. UI\03. HpBar</Filter>
    </ClInclude>
    <ClInclude Include="ImageUI.h">
      <Filter>1. 소스파일\05. GameObject\-08. UI\00. ImageUI</Filter>
    </ClInclude>
    <ClInclude Include="LoadingBack.h">
      <Filter>1. 소스파일\05. GameObject\-08. UI\01. LoadingBack</Filter>
    </ClInclude>
    <ClInclude Include="ClickButton.h">
      <Filter>1. 소스파일\05. GameObject\-08. UI\02. ClickButton</Filter>
    </ClInclude>
    <ClInclude Include="AnimateComponent.h">
      <Filter>1. 소스파일\06. Component\AnimateComponent</Filter>
    </ClInclude>
    <ClInclude Include="RotateComponent.h">
      <Filter>1. 소스파일\06. Component\AnimateComponent</Filter>
    </ClInclude>
    <ClInclude Include="Component.h">
      <Filter>1. 소스파일\06. Component</Filter>
    </ClInclude>
    <ClInclude Include="Define.h">
      <Filter>1. 소스파일\98. Header</Filter>
    </ClInclude>
    <ClInclude Include="Struct.h">
      <Filter>1. 소스파일\98. Header</Filter>
    </ClInclude>
    <ClInclude Include="stdafx.h">
      <Filter>1. 소스파일\98. Header</Filter>
    </ClInclude>
    <ClInclude Include="Function.h">
      <Filter>1. 소스파일\98. Header</Filter>
    </ClInclude>
    <ClInclude Include="Enum.h">
      <Filter>1. 소스파일\98. Header</Filter>
    </ClInclude>
    <ClInclude Include="Resource.h">
      <Filter>1. 소스파일\99. Default\리소스파일</Filter>
    </ClInclude>
    <ClInclude Include="targetver.h">
      <Filter>1. 소스파일\99. Default\리소스파일</Filter>
    </ClInclude>
    <ClInclude Include="SelectObj.h">
      <Filter>1. 소스파일\03. Scene\-03. SCHeroSel\Charactors</Filter>
    </ClInclude>
  </ItemGroup>
  <ItemGroup>
    <Image Include="IMBO_MAINFRAME.ico">
      <Filter>1. 소스파일\99. Default\리소스파일</Filter>
    </Image>
    <Image Include="small.ico">
      <Filter>1. 소스파일\99. Default\리소스파일</Filter>
    </Image>
  </ItemGroup>
  <ItemGroup>
    <None Include="CalcCapsuleLight.hlsli">
      <Filter>0. HLSL\03. Light\-0. Capsule</Filter>
    </None>
    <None Include="CalcDirectionalLight.hlsli">
      <Filter>0. HLSL\03. Light\-1. Directional</Filter>
    </None>
    <None Include="CalcDirectionalShadow.hlsli">
      <Filter>0. HLSL\03. Light\-1. Directional</Filter>
    </None>
    <None Include="CalcPointLight.hlsli">
      <Filter>0. HLSL\03. Light\-2. Point</Filter>
    </None>
    <None Include="CalcSpotLight.hlsli">
      <Filter>0. HLSL\03. Light\-3. Spot</Filter>
    </None>
    <None Include="GetWorldNormal.hlsli">
      <Filter>0. HLSL\07. Terrain</Filter>
    </None>
    <None Include="PackGbuffer.hlsli">
      <Filter>0. HLSL\99. hlsli</Filter>
    </None>
    <None Include="Quaternion.hlsli">
      <Filter>0. HLSL\99. hlsli</Filter>
    </None>
    <None Include="Structure.hlsli">
      <Filter>0. HLSL\99. hlsli</Filter>
    </None>
    <None Include="UnpackGBuffer.hlsli">
      <Filter>0. HLSL\99. hlsli</Filter>
    </None>
  </ItemGroup>
  <ItemGroup>
    <Filter Include="0. HLSL">
      <UniqueIdentifier>{f0b36714-1e02-4629-981a-aebd2d30c578}</UniqueIdentifier>
    </Filter>
    <Filter Include="1. 소스파일">
      <UniqueIdentifier>{62024adc-5369-46fa-925d-30b86568c175}</UniqueIdentifier>
    </Filter>
    <Filter Include="0. HLSL\00. AnimationObj">
      <UniqueIdentifier>{799b63e0-31d3-4706-b0b8-2fb5febb30a6}</UniqueIdentifier>
    </Filter>
    <Filter Include="0. HLSL\01. Compute">
      <UniqueIdentifier>{73512ae1-acd9-4ced-affa-d4b25667a3d9}</UniqueIdentifier>
    </Filter>
    <Filter Include="0. HLSL\02. Debug">
      <UniqueIdentifier>{eee4d7d3-4b14-4d2a-ae26-01c98e71e9a4}</UniqueIdentifier>
    </Filter>
    <Filter Include="0. HLSL\03. Light">
      <UniqueIdentifier>{939a15f1-29d8-4c01-a8dc-cd4bd2a280fe}</UniqueIdentifier>
    </Filter>
    <Filter Include="0. HLSL\04. PostProcessing">
      <UniqueIdentifier>{259b906d-0f3a-4b01-a32e-7d3c62ecfd46}</UniqueIdentifier>
    </Filter>
    <Filter Include="0. HLSL\05. SkyBox">
      <UniqueIdentifier>{f98b7ad3-13b6-405f-b9e7-c39fe326fe31}</UniqueIdentifier>
    </Filter>
    <Filter Include="0. HLSL\06. SSLR">
      <UniqueIdentifier>{0957b9c7-37b9-45d2-bc96-34d0fd6a0fe4}</UniqueIdentifier>
    </Filter>
    <Filter Include="0. HLSL\07. Terrain">
      <UniqueIdentifier>{85a0fc5c-a8bb-4ea3-abb7-b0acda1c8879}</UniqueIdentifier>
    </Filter>
    <Filter Include="0. HLSL\08. TestDeferred">
      <UniqueIdentifier>{1ba777ea-8454-4a07-890b-99da070aec85}</UniqueIdentifier>
    </Filter>
    <Filter Include="0. HLSL\09. testinstancing">
      <UniqueIdentifier>{af0d574e-ed99-4bc4-a9bc-e158aac96ba4}</UniqueIdentifier>
    </Filter>
    <Filter Include="0. HLSL\10. UI">
      <UniqueIdentifier>{c39e61fd-83ae-426c-b1d0-98109133e948}</UniqueIdentifier>
    </Filter>
    <Filter Include="0. HLSL\11. Water">
      <UniqueIdentifier>{932aa7a4-5395-42bb-95b6-8231298d07c5}</UniqueIdentifier>
    </Filter>
    <Filter Include="0. HLSL\12. SSRF">
      <UniqueIdentifier>{2aeb34c8-e74e-4e92-8fd0-a4dceb4465ff}</UniqueIdentifier>
    </Filter>
    <Filter Include="0. HLSL\13. Effect">
      <UniqueIdentifier>{e7ec12a5-7d91-450b-9e78-3dff500da282}</UniqueIdentifier>
    </Filter>
    <Filter Include="0. HLSL\14. Blend">
      <UniqueIdentifier>{c1dd3208-1a92-45a0-b379-c74bd2340c5d}</UniqueIdentifier>
    </Filter>
    <Filter Include="0. HLSL\15. FinalPass">
      <UniqueIdentifier>{41802857-096a-43cb-b1ca-b3fd902a96ec}</UniqueIdentifier>
    </Filter>
    <Filter Include="0. HLSL\98. Default">
      <UniqueIdentifier>{bf71090c-3df9-40d8-bd65-5ef3e478a50a}</UniqueIdentifier>
    </Filter>
    <Filter Include="0. HLSL\99. hlsli">
      <UniqueIdentifier>{ba6f2cca-40d4-4142-a65f-b49fd015156e}</UniqueIdentifier>
    </Filter>
    <Filter Include="0. HLSL\01. Compute\-0. AmbientOcculusion">
      <UniqueIdentifier>{31a6c1a4-ca1a-4c69-8650-678d23d0226e}</UniqueIdentifier>
    </Filter>
    <Filter Include="0. HLSL\01. Compute\-1. PostProcessing">
      <UniqueIdentifier>{31f7d2c4-d809-4391-ac39-558acb74d250}</UniqueIdentifier>
    </Filter>
    <Filter Include="0. HLSL\01. Compute\-2. SSLR">
      <UniqueIdentifier>{93119998-d53c-4133-82b7-faab951037e9}</UniqueIdentifier>
    </Filter>
    <Filter Include="0. HLSL\02. Debug\-0. BoundingBox">
      <UniqueIdentifier>{383f1ad4-965d-4958-8317-b1f3d8c3e58d}</UniqueIdentifier>
    </Filter>
    <Filter Include="0. HLSL\02. Debug\-1. CoordinateSys">
      <UniqueIdentifier>{cd0af08d-84ae-4d40-94ce-c259a642d2c8}</UniqueIdentifier>
    </Filter>
    <Filter Include="0. HLSL\02. Debug\-2. DebugDepthTex">
      <UniqueIdentifier>{94630ced-f0d5-41c0-84e6-62ba43e88ea4}</UniqueIdentifier>
    </Filter>
    <Filter Include="0. HLSL\02. Debug\-3. DebugTex">
      <UniqueIdentifier>{613c459c-2e9c-4f56-acf2-6c3ecf8dcce9}</UniqueIdentifier>
    </Filter>
    <Filter Include="0. HLSL\03. Light\-0. Capsule">
      <UniqueIdentifier>{010ce3cf-4a64-4edc-8a83-1ff68ca60dbd}</UniqueIdentifier>
    </Filter>
    <Filter Include="0. HLSL\03. Light\-1. Directional">
      <UniqueIdentifier>{b850502c-9ff1-4fbe-994b-8253b51c66fc}</UniqueIdentifier>
    </Filter>
    <Filter Include="0. HLSL\03. Light\-2. Point">
      <UniqueIdentifier>{4e2afa04-1984-4c10-9d33-378b1772b419}</UniqueIdentifier>
    </Filter>
    <Filter Include="0. HLSL\03. Light\-3. Spot">
      <UniqueIdentifier>{c500deaf-c958-4058-b6aa-54e7c9b49db0}</UniqueIdentifier>
    </Filter>
    <Filter Include="0. HLSL\06. SSLR\-0. Combine">
      <UniqueIdentifier>{8e9549ae-9ef7-473b-b0af-5651660fb352}</UniqueIdentifier>
    </Filter>
    <Filter Include="0. HLSL\06. SSLR\-1. RayTrace">
      <UniqueIdentifier>{68848521-1936-4579-a944-8718f7763455}</UniqueIdentifier>
    </Filter>
    <Filter Include="0. HLSL\12. SSRF\-0 SSRF">
      <UniqueIdentifier>{6e5b85c5-b83b-47f4-946d-143e3ef3604c}</UniqueIdentifier>
    </Filter>
    <Filter Include="0. HLSL\12. SSRF\-1 TessPlane">
      <UniqueIdentifier>{989aa6fc-978f-46ce-91b6-040da733db8d}</UniqueIdentifier>
    </Filter>
    <Filter Include="0. HLSL\17. Navimesh">
      <UniqueIdentifier>{95850c1a-5d59-4c1c-9956-cbefaf190120}</UniqueIdentifier>
    </Filter>
    <Filter Include="0. HLSL\16. Trail">
      <UniqueIdentifier>{b056c605-bc41-42a0-84f8-a1ed1f70f33d}</UniqueIdentifier>
    </Filter>
    <Filter Include="1. 소스파일\00. Singleton">
      <UniqueIdentifier>{d878d8b2-f6d7-4380-998c-27b2194363ed}</UniqueIdentifier>
    </Filter>
    <Filter Include="1. 소스파일\01. Object">
      <UniqueIdentifier>{a8d72fff-e45b-4755-a49f-4c7452425056}</UniqueIdentifier>
    </Filter>
    <Filter Include="1. 소스파일\02. FrameWork">
      <UniqueIdentifier>{3c8d8d2f-3c87-41af-aed6-970ebeee3d01}</UniqueIdentifier>
    </Filter>
    <Filter Include="1. 소스파일\03. Scene">
      <UniqueIdentifier>{f537f1e7-2752-4ebf-bf2f-908449618a1c}</UniqueIdentifier>
    </Filter>
    <Filter Include="1. 소스파일\04. DXObject">
      <UniqueIdentifier>{d59083d4-d676-4a9a-9b15-5ad385cd240b}</UniqueIdentifier>
    </Filter>
    <Filter Include="1. 소스파일\05. GameObject">
      <UniqueIdentifier>{082b8d48-da2f-4592-a681-00f671ae68de}</UniqueIdentifier>
    </Filter>
    <Filter Include="1. 소스파일\06. Component">
      <UniqueIdentifier>{f545e0ba-34d6-44c3-9d7b-d85db57aed15}</UniqueIdentifier>
    </Filter>
    <Filter Include="1. 소스파일\98. Header">
      <UniqueIdentifier>{0775a517-f87d-444e-b6ff-6940a5177e5f}</UniqueIdentifier>
    </Filter>
    <Filter Include="1. 소스파일\99. Default">
      <UniqueIdentifier>{eda77ba0-7a6a-49d3-abe1-956bd53a5e5a}</UniqueIdentifier>
    </Filter>
    <Filter Include="1. 소스파일\00. Singleton\-00. Debuger">
      <UniqueIdentifier>{09d90a72-d979-4f32-bbe0-fc3f11fadc28}</UniqueIdentifier>
    </Filter>
    <Filter Include="1. 소스파일\00. Singleton\-01. DirectoryFinder">
      <UniqueIdentifier>{028b9a16-c2e4-4f25-abd5-b37c0ad1472e}</UniqueIdentifier>
    </Filter>
    <Filter Include="1. 소스파일\00. Singleton\-02. FileIO">
      <UniqueIdentifier>{f9f7d6f3-fb12-4e13-8cbd-e2fd2eb41d9f}</UniqueIdentifier>
    </Filter>
    <Filter Include="1. 소스파일\00. Singleton\-03. GlobalValueMGR">
      <UniqueIdentifier>{411a9077-dd46-484b-806f-9b2d6bbc8bda}</UniqueIdentifier>
    </Filter>
    <Filter Include="1. 소스파일\00. Singleton\-04. InputMGR">
      <UniqueIdentifier>{ab8e01ad-ebe4-4701-9d6d-0cdd5d047fb5}</UniqueIdentifier>
    </Filter>
    <Filter Include="1. 소스파일\00. Singleton\-05. RCSeller">
      <UniqueIdentifier>{ab8f16b2-4fe4-4031-98b4-5ce787c8ff70}</UniqueIdentifier>
    </Filter>
    <Filter Include="1. 소스파일\00. Singleton\-06. RENDERER">
      <UniqueIdentifier>{8d8139b1-4b1f-4420-80b2-788e3cc2d84e}</UniqueIdentifier>
    </Filter>
    <Filter Include="1. 소스파일\00. Singleton\-07. ResourceMGR">
      <UniqueIdentifier>{dba80deb-72ff-4d8e-bed7-0feeb9060ae9}</UniqueIdentifier>
    </Filter>
    <Filter Include="1. 소스파일\00. Singleton\-08. Timer">
      <UniqueIdentifier>{c0671a77-0897-4195-9004-4fc8520c2cea}</UniqueIdentifier>
    </Filter>
    <Filter Include="1. 소스파일\00. Singleton\-09. Updater">
      <UniqueIdentifier>{da8e75bc-37aa-4d3b-99d9-564913207388}</UniqueIdentifier>
    </Filter>
    <Filter Include="1. 소스파일\00. Singleton\-10. SceneMGR">
      <UniqueIdentifier>{6a2626e7-bd6d-4d66-8f27-ec5e0b9f72b3}</UniqueIdentifier>
    </Filter>
    <Filter Include="1. 소스파일\00. Singleton\-11. CameraMGR">
      <UniqueIdentifier>{e44928a2-ef94-4450-9d35-d1a5b64b7ff8}</UniqueIdentifier>
    </Filter>
    <Filter Include="1. 소스파일\00. Singleton\-12. NetworkMGR">
      <UniqueIdentifier>{669d5f4b-81f4-4f89-85dd-7b284f7fec74}</UniqueIdentifier>
    </Filter>
    <Filter Include="1. 소스파일\00. Singleton\-13. EffectMGR">
      <UniqueIdentifier>{9beb337f-661b-4295-bd08-f1f146b1925d}</UniqueIdentifier>
    </Filter>
    <Filter Include="1. 소스파일\00. Singleton\-14. SoundManager">
      <UniqueIdentifier>{9f83cbb4-ef80-4f88-9e5c-53dcebfe8f64}</UniqueIdentifier>
    </Filter>
    <Filter Include="1. 소스파일\00. Singleton\-00. Debuger\DebugFontData">
      <UniqueIdentifier>{21d1789c-c9d3-410d-8402-a627eb4ef7b8}</UniqueIdentifier>
    </Filter>
    <Filter Include="1. 소스파일\00. Singleton\-00. Debuger\DebugTextureData">
      <UniqueIdentifier>{c3dc216a-a59f-4b02-aeb1-205825475538}</UniqueIdentifier>
    </Filter>
    <Filter Include="1. 소스파일\00. Singleton\-02. FileIO\Importer">
      <UniqueIdentifier>{fcc73eed-e26f-4d4f-bb9d-dcf67cc87ada}</UniqueIdentifier>
    </Filter>
    <Filter Include="1. 소스파일\00. Singleton\-02. FileIO\PositionInfoManager">
      <UniqueIdentifier>{a73abbde-f85a-4609-a4c6-8754921458f1}</UniqueIdentifier>
    </Filter>
    <Filter Include="1. 소스파일\00. Singleton\-02. FileIO\Importer\AnimationData">
      <UniqueIdentifier>{1e4be388-90c6-4adf-be7e-8991abd6565f}</UniqueIdentifier>
    </Filter>
    <Filter Include="1. 소스파일\00. Singleton\-02. FileIO\Importer\FileImporter">
      <UniqueIdentifier>{81ff6fb1-e30f-481a-a5e3-43f922bac3d3}</UniqueIdentifier>
    </Filter>
    <Filter Include="1. 소스파일\00. Singleton\-02. FileIO\Importer\SkeletonData">
      <UniqueIdentifier>{3d145758-403f-4dd6-85d5-5bf9226090b8}</UniqueIdentifier>
    </Filter>
    <Filter Include="1. 소스파일\00. Singleton\-02. FileIO\PositionInfoManager\PositionInfoData">
      <UniqueIdentifier>{c8a95eed-18f0-4678-9015-c01dcdc8c317}</UniqueIdentifier>
    </Filter>
    <Filter Include="1. 소스파일\00. Singleton\-02. FileIO\Importer\AnimationData\KeyFrame">
      <UniqueIdentifier>{f245426d-393b-414d-9991-d2dc1232af07}</UniqueIdentifier>
    </Filter>
    <Filter Include="1. 소스파일\00. Singleton\-02. FileIO\Importer\FileImporter\TxtImporter">
      <UniqueIdentifier>{ad7bb85a-4bae-403d-9473-43638cfb371e}</UniqueIdentifier>
    </Filter>
    <Filter Include="1. 소스파일\00. Singleton\-02. FileIO\Importer\SkeletonData\FbxJointData">
      <UniqueIdentifier>{a9cfb6f1-6e61-4a01-b8f8-178647facbcd}</UniqueIdentifier>
    </Filter>
    <Filter Include="1. 소스파일\00. Singleton\-06. RENDERER\01. ObjectRenderer">
      <UniqueIdentifier>{7f4c4403-40c2-4b79-9026-0c27566eb867}</UniqueIdentifier>
    </Filter>
    <Filter Include="1. 소스파일\00. Singleton\-06. RENDERER\02. AORenderer">
      <UniqueIdentifier>{15f1d0ce-d171-4ea2-999a-83aef2f722e6}</UniqueIdentifier>
    </Filter>
    <Filter Include="1. 소스파일\00. Singleton\-06. RENDERER\03. LightRenderer">
      <UniqueIdentifier>{4f4f2ebe-ac04-42d4-83f8-fa85361a9e20}</UniqueIdentifier>
    </Filter>
    <Filter Include="1. 소스파일\00. Singleton\-06. RENDERER\04. BloomDownScale">
      <UniqueIdentifier>{27ce1fc1-4ef6-4eee-b984-a4db639b38c0}</UniqueIdentifier>
    </Filter>
    <Filter Include="1. 소스파일\00. Singleton\-06. RENDERER\05. Bloom">
      <UniqueIdentifier>{47962a42-fedc-47cb-a525-38b6b8e979dd}</UniqueIdentifier>
    </Filter>
    <Filter Include="1. 소스파일\00. Singleton\-06. RENDERER\06. Blur">
      <UniqueIdentifier>{9b6e7c3e-ada6-4402-baf6-0ed817dfd484}</UniqueIdentifier>
    </Filter>
    <Filter Include="1. 소스파일\00. Singleton\-06. RENDERER\07. PostProcessingFinalPass">
      <UniqueIdentifier>{9e6466f1-7710-480b-8191-44c7285158c4}</UniqueIdentifier>
    </Filter>
    <Filter Include="1. 소스파일\00. Singleton\-06. RENDERER\08. SSLR">
      <UniqueIdentifier>{c29e0c9a-8e32-4a22-8888-44e82dfe64aa}</UniqueIdentifier>
    </Filter>
    <Filter Include="1. 소스파일\00. Singleton\-06. RENDERER\09. Shadow">
      <UniqueIdentifier>{187a19f1-c460-49dd-8013-32cf996e57e2}</UniqueIdentifier>
    </Filter>
    <Filter Include="1. 소스파일\00. Singleton\-06. RENDERER\10. UIRenderer">
      <UniqueIdentifier>{477482aa-2d4b-4406-803f-cb0e31c77c15}</UniqueIdentifier>
    </Filter>
    <Filter Include="1. 소스파일\00. Singleton\-06. RENDERER\11. WaterRenderer">
      <UniqueIdentifier>{a60b6d77-bdde-48c8-ac2c-99fa2b3db46e}</UniqueIdentifier>
    </Filter>
    <Filter Include="1. 소스파일\00. Singleton\-06. RENDERER\12. SSRF">
      <UniqueIdentifier>{3b3e3838-c3fd-4aaa-9974-dbee525bdea3}</UniqueIdentifier>
    </Filter>
    <Filter Include="1. 소스파일\00. Singleton\-06. RENDERER\13. EffectRenderer">
      <UniqueIdentifier>{18267734-c9f3-4ec1-a08e-571648f4ea33}</UniqueIdentifier>
    </Filter>
    <Filter Include="1. 소스파일\00. Singleton\-06. RENDERER\14. FinalRenderer">
      <UniqueIdentifier>{edbeb1c7-4d5b-4b85-bfab-ef91a32f9c01}</UniqueIdentifier>
    </Filter>
    <Filter Include="1. 소스파일\00. Singleton\-06. RENDERER\15. BIgWaterRenderer">
      <UniqueIdentifier>{f127c3c3-d420-4ec1-8944-9c773032a472}</UniqueIdentifier>
    </Filter>
    <Filter Include="1. 소스파일\00. Singleton\-12. NetworkMGR\-0 Protocol">
      <UniqueIdentifier>{ee879a2e-c12d-48cf-9faa-9b643e7e6786}</UniqueIdentifier>
    </Filter>
    <Filter Include="1. 소스파일\00. Singleton\-12. NetworkMGR\-1 LabClientSession">
      <UniqueIdentifier>{e391fbfe-c8fc-4cca-a315-b28eb053b4e0}</UniqueIdentifier>
    </Filter>
    <Filter Include="1. 소스파일\03. Scene\-00. Loading">
      <UniqueIdentifier>{f2887b7c-8874-4be1-92bb-63288f1646f3}</UniqueIdentifier>
    </Filter>
    <Filter Include="1. 소스파일\03. Scene\-01. SCTitle">
      <UniqueIdentifier>{fd1f0ef4-e16c-470b-94bf-079e913f4152}</UniqueIdentifier>
    </Filter>
    <Filter Include="1. 소스파일\03. Scene\-02. SCLobby">
      <UniqueIdentifier>{684b76b2-c58c-4727-bc33-b6d074922f2b}</UniqueIdentifier>
    </Filter>
    <Filter Include="1. 소스파일\03. Scene\-03. SCHeroSel">
      <UniqueIdentifier>{7d1c52f8-7661-461b-958c-9b69a56dce6a}</UniqueIdentifier>
    </Filter>
    <Filter Include="1. 소스파일\03. Scene\-04. SCOriTown">
      <UniqueIdentifier>{33e37023-a23a-44f0-8a8b-dbcd0988dce8}</UniqueIdentifier>
    </Filter>
    <Filter Include="1. 소스파일\03. Scene\-05. SCAldenard">
      <UniqueIdentifier>{26aab82c-3e19-40aa-ac2a-a5d82d00d7b0}</UniqueIdentifier>
    </Filter>
    <Filter Include="1. 소스파일\03. Scene\-06. SCSarasen">
      <UniqueIdentifier>{87cc75b1-75cf-42d5-bac4-4fd7952b9a7a}</UniqueIdentifier>
    </Filter>
    <Filter Include="1. 소스파일\04. DXObject\-00. Camera">
      <UniqueIdentifier>{fd8acb84-5b0f-45a0-8b65-b0e2505bc096}</UniqueIdentifier>
    </Filter>
    <Filter Include="1. 소스파일\04. DXObject\-01. Container">
      <UniqueIdentifier>{d3421007-a636-4d28-b5ca-0e01443213f8}</UniqueIdentifier>
    </Filter>
    <Filter Include="1. 소스파일\04. DXObject\-02. Mesh">
      <UniqueIdentifier>{24d592f0-d8ca-4dd8-baf1-7c964d33b435}</UniqueIdentifier>
    </Filter>
    <Filter Include="1. 소스파일\04. DXObject\-03. Shader">
      <UniqueIdentifier>{a47fb828-e090-4486-9810-e2fe6e0ca15c}</UniqueIdentifier>
    </Filter>
    <Filter Include="1. 소스파일\04. DXObject\-04. Material">
      <UniqueIdentifier>{f8017a3a-d16f-4cbf-8f55-306656056554}</UniqueIdentifier>
    </Filter>
    <Filter Include="1. 소스파일\04. DXObject\-05. Texture">
      <UniqueIdentifier>{0d87ef77-4243-419e-98a8-d251807a628d}</UniqueIdentifier>
    </Filter>
    <Filter Include="1. 소스파일\04. DXObject\-06. Buffer">
      <UniqueIdentifier>{3745ec99-d678-4c3e-807d-a650200f10f2}</UniqueIdentifier>
    </Filter>
    <Filter Include="1. 소스파일\04. DXObject\-07. Animater">
      <UniqueIdentifier>{69cbba42-73f7-49eb-879b-a2600b03b1a8}</UniqueIdentifier>
    </Filter>
    <Filter Include="1. 소스파일\04. DXObject\-00. Camera\FreeCamera">
      <UniqueIdentifier>{630c21fc-d3c8-47f3-bfd9-814fbc501c5c}</UniqueIdentifier>
    </Filter>
    <Filter Include="1. 소스파일\04. DXObject\-01. Container\RenderContainer">
      <UniqueIdentifier>{12bc1962-8fe4-4d1e-a63c-f091157d0a60}</UniqueIdentifier>
    </Filter>
    <Filter Include="1. 소스파일\04. DXObject\-01. Container\RenderContainer\Debug">
      <UniqueIdentifier>{3e0a7824-c28e-42b2-97e8-10e2a346b1de}</UniqueIdentifier>
    </Filter>
    <Filter Include="1. 소스파일\04. DXObject\-02. Mesh\DEBUG">
      <UniqueIdentifier>{5bf032e4-6ea8-4b3e-98ec-a5479175aaae}</UniqueIdentifier>
    </Filter>
    <Filter Include="1. 소스파일\04. DXObject\-02. Mesh\DeferredMesh">
      <UniqueIdentifier>{4709f235-9862-4d4f-b6e8-d10dd164d6d4}</UniqueIdentifier>
    </Filter>
    <Filter Include="1. 소스파일\04. DXObject\-02. Mesh\OBJECT">
      <UniqueIdentifier>{1ad2ec09-9204-4d02-b114-2cb50e4f31ca}</UniqueIdentifier>
    </Filter>
    <Filter Include="1. 소스파일\04. DXObject\-02. Mesh\Trail">
      <UniqueIdentifier>{fc862c29-22ca-46d7-95b2-a7410cdf91d0}</UniqueIdentifier>
    </Filter>
    <Filter Include="1. 소스파일\04. DXObject\-02. Mesh\Water">
      <UniqueIdentifier>{79b6ba75-666c-499d-884d-28c1d48cafed}</UniqueIdentifier>
    </Filter>
    <Filter Include="1. 소스파일\04. DXObject\-02. Mesh\DEBUG\BoundingBoxMesh">
      <UniqueIdentifier>{ac4bc66a-a543-4138-9728-52cdd5c714e9}</UniqueIdentifier>
    </Filter>
    <Filter Include="1. 소스파일\04. DXObject\-02. Mesh\DEBUG\CoordinateSysMesh">
      <UniqueIdentifier>{96898358-bfd4-4727-b52a-af8f2c47fecb}</UniqueIdentifier>
    </Filter>
    <Filter Include="1. 소스파일\04. DXObject\-02. Mesh\DEBUG\DebugTextureMesh">
      <UniqueIdentifier>{c3c235f8-e73d-42c8-a544-0f5f53f1d10b}</UniqueIdentifier>
    </Filter>
    <Filter Include="1. 소스파일\04. DXObject\-02. Mesh\OBJECT\FileBasedMesh">
      <UniqueIdentifier>{087d3a7a-5a69-4f98-b486-4fb5ea6b44f7}</UniqueIdentifier>
    </Filter>
    <Filter Include="1. 소스파일\04. DXObject\-02. Mesh\OBJECT\NaviMesh">
      <UniqueIdentifier>{2f787c34-e14a-4e41-a56b-353957926361}</UniqueIdentifier>
    </Filter>
    <Filter Include="1. 소스파일\04. DXObject\-02. Mesh\OBJECT\SkyBoxMesh">
      <UniqueIdentifier>{47fbe33c-7ca9-4af2-8c28-6171f26511d1}</UniqueIdentifier>
    </Filter>
    <Filter Include="1. 소스파일\04. DXObject\-02. Mesh\OBJECT\SpaceMesh">
      <UniqueIdentifier>{477f3bfc-6e0a-418f-8404-792e00b32d71}</UniqueIdentifier>
    </Filter>
    <Filter Include="1. 소스파일\04. DXObject\-02. Mesh\OBJECT\TerrainMesh">
      <UniqueIdentifier>{6232ce32-6fcd-44d0-8e5c-d6cc01321637}</UniqueIdentifier>
    </Filter>
    <Filter Include="1. 소스파일\04. DXObject\-02. Mesh\LightMesh">
      <UniqueIdentifier>{2c7526ef-72c4-4d23-9422-5fca3ab1e034}</UniqueIdentifier>
    </Filter>
    <Filter Include="1. 소스파일\04. DXObject\-02. Mesh\Water\TessPlaneMesh">
      <UniqueIdentifier>{a1b00c1c-2a2b-4b21-99c4-753ee553d755}</UniqueIdentifier>
    </Filter>
    <Filter Include="1. 소스파일\04. DXObject\-02. Mesh\Water\WaterPlane">
      <UniqueIdentifier>{e298920d-790b-49e2-8716-c7fea2de1cc8}</UniqueIdentifier>
    </Filter>
    <Filter Include="1. 소스파일\04. DXObject\-03. Shader\ComputerSahder">
      <UniqueIdentifier>{8224452f-c4cc-483c-b5c5-55a994389504}</UniqueIdentifier>
    </Filter>
    <Filter Include="1. 소스파일\04. DXObject\-03. Shader\RenderShader">
      <UniqueIdentifier>{a14f7170-6b62-4170-9a23-e7a24b91e2a1}</UniqueIdentifier>
    </Filter>
    <Filter Include="1. 소스파일\04. DXObject\-05. Texture\Sampler">
      <UniqueIdentifier>{178703df-d05c-49f0-b9d9-f06d54264e84}</UniqueIdentifier>
    </Filter>
    <Filter Include="1. 소스파일\04. DXObject\-05. Texture\Texture">
      <UniqueIdentifier>{5b598a5e-2cbd-4037-9283-baacc8acade1}</UniqueIdentifier>
    </Filter>
    <Filter Include="1. 소스파일\04. DXObject\-07. Animater\0. AnimationInfo">
      <UniqueIdentifier>{a80be6dd-dc6c-4202-ba12-d96899ed3408}</UniqueIdentifier>
    </Filter>
    <Filter Include="1. 소스파일\05. GameObject\-00. DEBUG">
      <UniqueIdentifier>{d60b7120-87f6-4dea-b3d9-1b1c73a568fa}</UniqueIdentifier>
    </Filter>
    <Filter Include="1. 소스파일\05. GameObject\-01. Light">
      <UniqueIdentifier>{e39a1386-3d11-42e0-9a97-a6b604a443ea}</UniqueIdentifier>
    </Filter>
    <Filter Include="1. 소스파일\05. GameObject\-02. SkyBox">
      <UniqueIdentifier>{74fb78d6-a396-4d20-93ca-68076875ac91}</UniqueIdentifier>
    </Filter>
    <Filter Include="1. 소스파일\05. GameObject\-03. Space">
      <UniqueIdentifier>{09b48ba9-3585-438e-b1b9-adf530f22773}</UniqueIdentifier>
    </Filter>
    <Filter Include="1. 소스파일\05. GameObject\-04. Terrain">
      <UniqueIdentifier>{a450bef0-bfa5-4265-a8bb-ab7ce41cdc74}</UniqueIdentifier>
    </Filter>
    <Filter Include="1. 소스파일\05. GameObject\-05. Player">
      <UniqueIdentifier>{5b268a35-d76f-4a23-b7f6-87215f88db1c}</UniqueIdentifier>
    </Filter>
    <Filter Include="1. 소스파일\05. GameObject\-06. Monster">
      <UniqueIdentifier>{16081d88-f804-46ed-a3f7-26f4242580a3}</UniqueIdentifier>
    </Filter>
    <Filter Include="1. 소스파일\05. GameObject\-07. Skill/Effect">
      <UniqueIdentifier>{e1159752-c830-41d8-9a66-6b884eb25e3c}</UniqueIdentifier>
    </Filter>
    <Filter Include="1. 소스파일\05. GameObject\-08. UI">
      <UniqueIdentifier>{4b565252-66c5-45d0-9ec8-b73f8c770067}</UniqueIdentifier>
    </Filter>
    <Filter Include="1. 소스파일\05. GameObject\-09. Collision">
      <UniqueIdentifier>{a4318832-f671-4a02-8f10-2cf86e64b529}</UniqueIdentifier>
    </Filter>
    <Filter Include="1. 소스파일\05. GameObject\-00. DEBUG\BoundingBox">
      <UniqueIdentifier>{0316b405-07c9-4880-a3b1-072d9543bb2a}</UniqueIdentifier>
    </Filter>
    <Filter Include="1. 소스파일\05. GameObject\-00. DEBUG\CoordinateSys">
      <UniqueIdentifier>{b2e4a05a-b7ea-4f8d-9783-78229621d217}</UniqueIdentifier>
    </Filter>
    <Filter Include="1. 소스파일\05. GameObject\-00. DEBUG\DebugTexture">
      <UniqueIdentifier>{c99c8d98-eae6-4319-a4ff-2b2ab8f828e0}</UniqueIdentifier>
    </Filter>
    <Filter Include="1. 소스파일\05. GameObject\-01. Light\CapsuleLight">
      <UniqueIdentifier>{1723067f-72e1-41eb-81eb-86e8a58a84fc}</UniqueIdentifier>
    </Filter>
    <Filter Include="1. 소스파일\05. GameObject\-01. Light\DirectionalLight">
      <UniqueIdentifier>{43d621df-27ed-4159-8226-4a225e72b5bf}</UniqueIdentifier>
    </Filter>
    <Filter Include="1. 소스파일\05. GameObject\-01. Light\PointLight">
      <UniqueIdentifier>{74df7ef1-891d-4a1c-89d9-1c778a059542}</UniqueIdentifier>
    </Filter>
    <Filter Include="1. 소스파일\05. GameObject\-01. Light\SpotLight">
      <UniqueIdentifier>{6dbdd1c9-82f1-43ce-bad5-703241c2e79b}</UniqueIdentifier>
    </Filter>
    <Filter Include="1. 소스파일\05. GameObject\-02. SkyBox\SkyBoxContainer">
      <UniqueIdentifier>{2a237a1b-d709-4b23-977c-44c157c1e4da}</UniqueIdentifier>
    </Filter>
    <Filter Include="1. 소스파일\05. GameObject\-03. Space\SpaceContainer">
      <UniqueIdentifier>{a24157d2-d4b4-4159-9902-0cce93751697}</UniqueIdentifier>
    </Filter>
    <Filter Include="1. 소스파일\05. GameObject\-04. Terrain\NaviObject">
      <UniqueIdentifier>{51cf67f8-8859-46d7-b1a8-bd693dbd06a0}</UniqueIdentifier>
    </Filter>
    <Filter Include="1. 소스파일\05. GameObject\-04. Terrain\SplattingInfo">
      <UniqueIdentifier>{5b0d306c-4ba9-4bdb-b3c8-9960de41b363}</UniqueIdentifier>
    </Filter>
    <Filter Include="1. 소스파일\05. GameObject\-04. Terrain\TerrainContainer">
      <UniqueIdentifier>{29315d54-4617-4fc6-b2e3-2e216df08649}</UniqueIdentifier>
    </Filter>
    <Filter Include="1. 소스파일\05. GameObject\-04. Terrain\NaviObject\NaviObjectManager">
      <UniqueIdentifier>{a57a1fc4-83f0-4efe-998b-8c8ae04f05ac}</UniqueIdentifier>
    </Filter>
    <Filter Include="1. 소스파일\05. GameObject\-04. Terrain\NaviObject\NaviVertex">
      <UniqueIdentifier>{35228c32-d43e-4efe-b5ec-ce5a5324c1b8}</UniqueIdentifier>
    </Filter>
    <Filter Include="1. 소스파일\05. GameObject\-04. Terrain\SplattingInfo\SplattingInfoManager">
      <UniqueIdentifier>{57c45198-69d5-429e-a08f-93582ea618ec}</UniqueIdentifier>
    </Filter>
    <Filter Include="1. 소스파일\05. GameObject\-05. Player\0. Ranger">
      <UniqueIdentifier>{5f0d1af0-c4c7-4264-9977-34cacb0c0798}</UniqueIdentifier>
    </Filter>
    <Filter Include="1. 소스파일\05. GameObject\-05. Player\1. Knight">
      <UniqueIdentifier>{fa1e304e-63ac-4bd3-8fa9-de168126c13b}</UniqueIdentifier>
    </Filter>
    <Filter Include="1. 소스파일\05. GameObject\-05. Player\2. Dementor">
      <UniqueIdentifier>{e2dd81e0-2c09-43ce-a319-caf49ac40b14}</UniqueIdentifier>
    </Filter>
    <Filter Include="1. 소스파일\05. GameObject\-05. Player\3. Sister">
      <UniqueIdentifier>{f2f838f7-b8f3-4c08-8574-258b51bd57c1}</UniqueIdentifier>
    </Filter>
    <Filter Include="1. 소스파일\05. GameObject\-05. Player\4. Wizard">
      <UniqueIdentifier>{53d6a8b1-cb37-46c4-9aca-47516df5a1ed}</UniqueIdentifier>
    </Filter>
    <Filter Include="1. 소스파일\05. GameObject\-05. Player\5. Bard">
      <UniqueIdentifier>{92a8f51d-5006-43b2-830b-0177ca6791c3}</UniqueIdentifier>
    </Filter>
    <Filter Include="1. 소스파일\05. GameObject\-06. Monster\0. Boss01">
      <UniqueIdentifier>{25b31cab-296a-4007-8ffd-30ef51424f77}</UniqueIdentifier>
    </Filter>
    <Filter Include="1. 소스파일\05. GameObject\-06. Monster\1. Boss02">
      <UniqueIdentifier>{be27defe-9a9d-439f-908e-5a9397c92135}</UniqueIdentifier>
    </Filter>
    <Filter Include="1. 소스파일\05. GameObject\-07. Skill/Effect\0. Effect">
      <UniqueIdentifier>{7d67e420-45b2-4067-ab3f-c398ff16a73c}</UniqueIdentifier>
    </Filter>
    <Filter Include="1. 소스파일\05. GameObject\-07. Skill/Effect\0. Trail">
      <UniqueIdentifier>{5db32bd3-2423-4db5-8b09-ed0913767d05}</UniqueIdentifier>
    </Filter>
    <Filter Include="1. 소스파일\05. GameObject\-07. Skill/Effect\1. Ranger">
      <UniqueIdentifier>{fec25bce-d359-4fb5-b4e2-12791d6aa4b9}</UniqueIdentifier>
    </Filter>
    <Filter Include="1. 소스파일\05. GameObject\-07. Skill/Effect\1. Ranger\1. r_Arrow">
      <UniqueIdentifier>{ae56477a-1def-4920-89bd-624aab334a3b}</UniqueIdentifier>
    </Filter>
    <Filter Include="1. 소스파일\05. GameObject\-07. Skill/Effect\1. Ranger\2. r_sk1_Efc">
      <UniqueIdentifier>{6d5aa5db-8a31-4695-86db-9394cd3e2bdc}</UniqueIdentifier>
    </Filter>
    <Filter Include="1. 소스파일\05. GameObject\-07. Skill/Effect\2. Dementor">
      <UniqueIdentifier>{8335da03-8938-4759-8f6e-a7234a299974}</UniqueIdentifier>
    </Filter>
    <Filter Include="1. 소스파일\05. GameObject\-07. Skill/Effect\3. Wizard">
      <UniqueIdentifier>{ff6a8c37-0fd9-4ac9-b4f9-19881078d7af}</UniqueIdentifier>
    </Filter>
    <Filter Include="1. 소스파일\05. GameObject\-08. UI\00. ImageUI">
      <UniqueIdentifier>{8b19581d-ee27-4a30-84a5-dc786a9c93d1}</UniqueIdentifier>
    </Filter>
    <Filter Include="1. 소스파일\05. GameObject\-08. UI\01. LoadingBack">
      <UniqueIdentifier>{2695bff7-a36c-404a-99a8-1241d161846c}</UniqueIdentifier>
    </Filter>
    <Filter Include="1. 소스파일\05. GameObject\-08. UI\02. ClickButton">
      <UniqueIdentifier>{7927b80f-4532-44d9-9c9a-5759329fccb8}</UniqueIdentifier>
    </Filter>
    <Filter Include="1. 소스파일\05. GameObject\-08. UI\03. HpBar">
      <UniqueIdentifier>{a2423223-7219-4c22-8ef8-653eaff7227b}</UniqueIdentifier>
    </Filter>
    <Filter Include="1. 소스파일\06. Component\AnimateComponent">
      <UniqueIdentifier>{6a2b2797-f900-44f9-a421-1de7a055b433}</UniqueIdentifier>
    </Filter>
    <Filter Include="1. 소스파일\99. Default\리소스파일">
      <UniqueIdentifier>{ab0ff38c-a8e9-4850-9a13-f8e302dc71e2}</UniqueIdentifier>
    </Filter>
    <Filter Include="1. 소스파일\03. Scene\-03. SCHeroSel\Charactors">
      <UniqueIdentifier>{0fa34771-d81e-4b24-b1eb-42c10f47a9fa}</UniqueIdentifier>
    </Filter>
  </ItemGroup>
  <ItemGroup>
    <ResourceCompile Include="IMBO_MAINFRAME.rc">
      <Filter>1. 소스파일\99. Default\리소스파일</Filter>
    </ResourceCompile>
  </ItemGroup>
  <ItemGroup>
    <Text Include="ReadMe.txt">
      <Filter>1. 소스파일\99. Default\리소스파일</Filter>
    </Text>
  </ItemGroup>
</Project>